Microsoft Visual Studio Solution File, Format Version 8.00
Project("{F184B08F-C81C-45F6-A57F-5ABD9991F28F}") = "RFID", "RFID.vbproj", "{9A99D0C2-5AAA-4F87-B184-85E62D06F8CA}"
	ProjectSection(ProjectDependencies) = postProject
	EndProjectSection
EndProject
Global
	GlobalSection(SolutionConfiguration) = preSolution
		Debug = Debug
		Release = Release
	EndGlobalSection
	GlobalSection(ProjectDependencies) = postSolution
	EndGlobalSection
	GlobalSection(ProjectConfiguration) = postSolution
		{9A99D0C2-5AAA-4F87-B184-85E62D06F8CA}.Debug.ActiveCfg = Debug|.NET
		{9A99D0C2-5AAA-4F87-B184-85E62D06F8CA}.Debug.Build.0 = Debug|.NET
		{9A99D0C2-5AAA-4F87-B184-85E62D06F8CA}.Release.ActiveCfg = Release|.NET
		{9A99D0C2-5AAA-4F87-B184-85E62D06F8CA}.Release.Build.0 = Release|.NET
	EndGlobalSection
	GlobalSection(ExtensibilityGlobals) = postSolution
	EndGlobalSection
	GlobalSection(ExtensibilityAddIns) = postSolution
	EndGlobalSection
EndGlobal
