Microsoft Visual Studio Solution File, Format Version 8.00
Project("{F184B08F-C81C-45F6-A57F-5ABD9991F28F}") = "Vehicles_Center", "Vehicles_Center.vbproj", "{164D921A-1509-4A5E-8252-D04A491E9455}"
	ProjectSection(ProjectDependencies) = postProject
	EndProjectSection
EndProject
Global
	GlobalSection(SolutionConfiguration) = preSolution
		Debug = Debug
		Release = Release
	EndGlobalSection
	GlobalSection(ProjectConfiguration) = postSolution
		{164D921A-1509-4A5E-8252-D04A491E9455}.Debug.ActiveCfg = Debug|.NET
		{164D921A-1509-4A5E-8252-D04A491E9455}.Debug.Build.0 = Debug|.NET
		{164D921A-1509-4A5E-8252-D04A491E9455}.Release.ActiveCfg = Release|.NET
		{164D921A-1509-4A5E-8252-D04A491E9455}.Release.Build.0 = Release|.NET
	EndGlobalSection
	GlobalSection(ExtensibilityGlobals) = postSolution
	EndGlobalSection
	GlobalSection(ExtensibilityAddIns) = postSolution
	EndGlobalSection
EndGlobal
